
Microsoft Visual Studio Solution File, Format Version 12.00
# Visual Studio 14
VisualStudioVersion = 14.0.25420.1
MinimumVisualStudioVersion = 10.0.40219.1
Project("{FAE04EC0-301F-11D3-BF4B-00C04F79EFBC}") = "Problem 2 – Command Interpreter", "Problem 2 – Command Interpreter\Problem 2 – Command Interpreter.csproj", "{967030F9-8EFB-4C51-9EF5-A8A2223D17B1}"
EndProject
Project("{FAE04EC0-301F-11D3-BF4B-00C04F79EFBC}") = "Problem4Files", "Problem4Files\Problem4Files.csproj", "{ADF07EA2-CFCF-4437-A05F-AE870A0F3C31}"
EndProject
Project("{FAE04EC0-301F-11D3-BF4B-00C04F79EFBC}") = "Problem 3 – Rage Quit", "Problem 3 – Rage Quit\Problem 3 – Rage Quit.csproj", "{6D683B89-2EC3-4994-A2C8-598A5309419C}"
EndProject
Global
	GlobalSection(SolutionConfigurationPlatforms) = preSolution
		Debug|Any CPU = Debug|Any CPU
		Release|Any CPU = Release|Any CPU
	EndGlobalSection
	GlobalSection(ProjectConfigurationPlatforms) = postSolution
		{967030F9-8EFB-4C51-9EF5-A8A2223D17B1}.Debug|Any CPU.ActiveCfg = Debug|Any CPU
		{967030F9-8EFB-4C51-9EF5-A8A2223D17B1}.Debug|Any CPU.Build.0 = Debug|Any CPU
		{967030F9-8EFB-4C51-9EF5-A8A2223D17B1}.Release|Any CPU.ActiveCfg = Release|Any CPU
		{967030F9-8EFB-4C51-9EF5-A8A2223D17B1}.Release|Any CPU.Build.0 = Release|Any CPU
		{ADF07EA2-CFCF-4437-A05F-AE870A0F3C31}.Debug|Any CPU.ActiveCfg = Debug|Any CPU
		{ADF07EA2-CFCF-4437-A05F-AE870A0F3C31}.Debug|Any CPU.Build.0 = Debug|Any CPU
		{ADF07EA2-CFCF-4437-A05F-AE870A0F3C31}.Release|Any CPU.ActiveCfg = Release|Any CPU
		{ADF07EA2-CFCF-4437-A05F-AE870A0F3C31}.Release|Any CPU.Build.0 = Release|Any CPU
		{6D683B89-2EC3-4994-A2C8-598A5309419C}.Debug|Any CPU.ActiveCfg = Debug|Any CPU
		{6D683B89-2EC3-4994-A2C8-598A5309419C}.Debug|Any CPU.Build.0 = Debug|Any CPU
		{6D683B89-2EC3-4994-A2C8-598A5309419C}.Release|Any CPU.ActiveCfg = Release|Any CPU
		{6D683B89-2EC3-4994-A2C8-598A5309419C}.Release|Any CPU.Build.0 = Release|Any CPU
	EndGlobalSection
	GlobalSection(SolutionProperties) = preSolution
		HideSolutionNode = FALSE
	EndGlobalSection
EndGlobal
