
Microsoft Visual Studio Solution File, Format Version 12.00
# Visual Studio 14
VisualStudioVersion = 14.0.25420.1
MinimumVisualStudioVersion = 10.0.40219.1
Project("{FAE04EC0-301F-11D3-BF4B-00C04F79EFBC}") = "Problem 2 – Array Manipulator", "Problem 2 – Array Manipulator\Problem 2 – Array Manipulator.csproj", "{8D718A02-E1BE-464F-8A53-BB7CEBD99028}"
EndProject
Project("{FAE04EC0-301F-11D3-BF4B-00C04F79EFBC}") = "CubicProblem", "CubicProblem\CubicProblem.csproj", "{844CFC12-4E5C-4337-B387-FD188A1E4CEC}"
EndProject
Global
	GlobalSection(SolutionConfigurationPlatforms) = preSolution
		Debug|Any CPU = Debug|Any CPU
		Release|Any CPU = Release|Any CPU
	EndGlobalSection
	GlobalSection(ProjectConfigurationPlatforms) = postSolution
		{8D718A02-E1BE-464F-8A53-BB7CEBD99028}.Debug|Any CPU.ActiveCfg = Debug|Any CPU
		{8D718A02-E1BE-464F-8A53-BB7CEBD99028}.Debug|Any CPU.Build.0 = Debug|Any CPU
		{8D718A02-E1BE-464F-8A53-BB7CEBD99028}.Release|Any CPU.ActiveCfg = Release|Any CPU
		{8D718A02-E1BE-464F-8A53-BB7CEBD99028}.Release|Any CPU.Build.0 = Release|Any CPU
		{844CFC12-4E5C-4337-B387-FD188A1E4CEC}.Debug|Any CPU.ActiveCfg = Debug|Any CPU
		{844CFC12-4E5C-4337-B387-FD188A1E4CEC}.Debug|Any CPU.Build.0 = Debug|Any CPU
		{844CFC12-4E5C-4337-B387-FD188A1E4CEC}.Release|Any CPU.ActiveCfg = Release|Any CPU
		{844CFC12-4E5C-4337-B387-FD188A1E4CEC}.Release|Any CPU.Build.0 = Release|Any CPU
	EndGlobalSection
	GlobalSection(SolutionProperties) = preSolution
		HideSolutionNode = FALSE
	EndGlobalSection
EndGlobal
