
Microsoft Visual Studio Solution File, Format Version 12.00
# Visual Studio 15
VisualStudioVersion = 15.0.27004.2006
MinimumVisualStudioVersion = 10.0.40219.1
Project("{9A19103F-16F7-4668-BE54-9A1E7A4F7556}") = "P01_Jarvis", "P01_BasicSyntax\P01_Jarvis.csproj", "{A0B5981A-394A-4E56-804D-D2543869AC36}"
EndProject
Project("{FAE04EC0-301F-11D3-BF4B-00C04F79EFBC}") = "P02_Files", "Files\P02_Files.csproj", "{8A1B2B66-20B4-4F19-B462-4CA740022F87}"
EndProject
Project("{FAE04EC0-301F-11D3-BF4B-00C04F79EFBC}") = "P03_Exceptions", "P03_Exceptions\P03_Exceptions.csproj", "{152E7B25-2959-4755-8B20-4A0AC1DEB56B}"
EndProject
Global
	GlobalSection(SolutionConfigurationPlatforms) = preSolution
		Debug|Any CPU = Debug|Any CPU
		Release|Any CPU = Release|Any CPU
	EndGlobalSection
	GlobalSection(ProjectConfigurationPlatforms) = postSolution
		{A0B5981A-394A-4E56-804D-D2543869AC36}.Debug|Any CPU.ActiveCfg = Debug|Any CPU
		{A0B5981A-394A-4E56-804D-D2543869AC36}.Debug|Any CPU.Build.0 = Debug|Any CPU
		{A0B5981A-394A-4E56-804D-D2543869AC36}.Release|Any CPU.ActiveCfg = Release|Any CPU
		{A0B5981A-394A-4E56-804D-D2543869AC36}.Release|Any CPU.Build.0 = Release|Any CPU
		{8A1B2B66-20B4-4F19-B462-4CA740022F87}.Debug|Any CPU.ActiveCfg = Debug|Any CPU
		{8A1B2B66-20B4-4F19-B462-4CA740022F87}.Debug|Any CPU.Build.0 = Debug|Any CPU
		{8A1B2B66-20B4-4F19-B462-4CA740022F87}.Release|Any CPU.ActiveCfg = Release|Any CPU
		{8A1B2B66-20B4-4F19-B462-4CA740022F87}.Release|Any CPU.Build.0 = Release|Any CPU
		{152E7B25-2959-4755-8B20-4A0AC1DEB56B}.Debug|Any CPU.ActiveCfg = Debug|Any CPU
		{152E7B25-2959-4755-8B20-4A0AC1DEB56B}.Debug|Any CPU.Build.0 = Debug|Any CPU
		{152E7B25-2959-4755-8B20-4A0AC1DEB56B}.Release|Any CPU.ActiveCfg = Release|Any CPU
		{152E7B25-2959-4755-8B20-4A0AC1DEB56B}.Release|Any CPU.Build.0 = Release|Any CPU
	EndGlobalSection
	GlobalSection(SolutionProperties) = preSolution
		HideSolutionNode = FALSE
	EndGlobalSection
	GlobalSection(ExtensibilityGlobals) = postSolution
		SolutionGuid = {CC49D15F-6EE9-4AF7-BA53-6A0169A8CCA8}
	EndGlobalSection
EndGlobal
