
Microsoft Visual Studio Solution File, Format Version 12.00
# Visual Studio 15
VisualStudioVersion = 15.0.27004.2009
MinimumVisualStudioVersion = 10.0.40219.1
Project("{FAE04EC0-301F-11D3-BF4B-00C04F79EFBC}") = "P01_SecretNumSystem", "SecretNumSystem\P01_SecretNumSystem.csproj", "{906F2901-52B0-4895-91CB-F4FD2119D5B9}"
EndProject
Project("{FAE04EC0-301F-11D3-BF4B-00C04F79EFBC}") = "P02_Cards", "P02_Cards\P02_Cards.csproj", "{0AEBB929-4563-45B8-BC6A-7BAD0EC0E611}"
EndProject
Global
	GlobalSection(SolutionConfigurationPlatforms) = preSolution
		Debug|Any CPU = Debug|Any CPU
		Release|Any CPU = Release|Any CPU
	EndGlobalSection
	GlobalSection(ProjectConfigurationPlatforms) = postSolution
		{906F2901-52B0-4895-91CB-F4FD2119D5B9}.Debug|Any CPU.ActiveCfg = Debug|Any CPU
		{906F2901-52B0-4895-91CB-F4FD2119D5B9}.Debug|Any CPU.Build.0 = Debug|Any CPU
		{906F2901-52B0-4895-91CB-F4FD2119D5B9}.Release|Any CPU.ActiveCfg = Release|Any CPU
		{906F2901-52B0-4895-91CB-F4FD2119D5B9}.Release|Any CPU.Build.0 = Release|Any CPU
		{0AEBB929-4563-45B8-BC6A-7BAD0EC0E611}.Debug|Any CPU.ActiveCfg = Debug|Any CPU
		{0AEBB929-4563-45B8-BC6A-7BAD0EC0E611}.Debug|Any CPU.Build.0 = Debug|Any CPU
		{0AEBB929-4563-45B8-BC6A-7BAD0EC0E611}.Release|Any CPU.ActiveCfg = Release|Any CPU
		{0AEBB929-4563-45B8-BC6A-7BAD0EC0E611}.Release|Any CPU.Build.0 = Release|Any CPU
	EndGlobalSection
	GlobalSection(SolutionProperties) = preSolution
		HideSolutionNode = FALSE
	EndGlobalSection
	GlobalSection(ExtensibilityGlobals) = postSolution
		SolutionGuid = {7549242A-FF8E-4E8B-BFB8-3E359517D0CE}
	EndGlobalSection
EndGlobal
