
Microsoft Visual Studio Solution File, Format Version 12.00
# Visual Studio 14
VisualStudioVersion = 14.0.25420.1
MinimumVisualStudioVersion = 10.0.40219.1
Project("{FAE04EC0-301F-11D3-BF4B-00C04F79EFBC}") = "1. Day of Week", "1. Day of Week\1. Day of Week.csproj", "{1DC49644-7B01-48F7-9A12-620CDA1900CF}"
EndProject
Project("{FAE04EC0-301F-11D3-BF4B-00C04F79EFBC}") = "2. Randomize Words", "2. Randomize Words\2. Randomize Words.csproj", "{D6A5C767-EDD5-42E5-891E-4C0EF0B77891}"
EndProject
Project("{FAE04EC0-301F-11D3-BF4B-00C04F79EFBC}") = "3. Big Factorial", "3. Big Factorial\3. Big Factorial.csproj", "{73C829D5-1B51-497F-9FCA-E34C64FF9A98}"
EndProject
Project("{FAE04EC0-301F-11D3-BF4B-00C04F79EFBC}") = "4. Distance Between Points", "4. Distance Between Points\4. Distance Between Points.csproj", "{8624AFCF-548A-4E56-8A8B-649100255624}"
EndProject
Project("{FAE04EC0-301F-11D3-BF4B-00C04F79EFBC}") = "5. Closest Two Points", "ConsoleApplication1\5. Closest Two Points.csproj", "{81DD557A-2BD0-4B9F-961D-3A33B757DCBE}"
EndProject
Project("{FAE04EC0-301F-11D3-BF4B-00C04F79EFBC}") = "6. Rectangle Position", "6. Rectangle Position\6. Rectangle Position.csproj", "{D944A6F5-DF28-4AD7-863B-E9438E82FF09}"
EndProject
Project("{FAE04EC0-301F-11D3-BF4B-00C04F79EFBC}") = "7. Sales Report", "7. Sales Report\7. Sales Report.csproj", "{122668EC-241A-4D9E-B26A-37E1558F995D}"
EndProject
Global
	GlobalSection(SolutionConfigurationPlatforms) = preSolution
		Debug|Any CPU = Debug|Any CPU
		Release|Any CPU = Release|Any CPU
	EndGlobalSection
	GlobalSection(ProjectConfigurationPlatforms) = postSolution
		{1DC49644-7B01-48F7-9A12-620CDA1900CF}.Debug|Any CPU.ActiveCfg = Debug|Any CPU
		{1DC49644-7B01-48F7-9A12-620CDA1900CF}.Debug|Any CPU.Build.0 = Debug|Any CPU
		{1DC49644-7B01-48F7-9A12-620CDA1900CF}.Release|Any CPU.ActiveCfg = Release|Any CPU
		{1DC49644-7B01-48F7-9A12-620CDA1900CF}.Release|Any CPU.Build.0 = Release|Any CPU
		{D6A5C767-EDD5-42E5-891E-4C0EF0B77891}.Debug|Any CPU.ActiveCfg = Debug|Any CPU
		{D6A5C767-EDD5-42E5-891E-4C0EF0B77891}.Debug|Any CPU.Build.0 = Debug|Any CPU
		{D6A5C767-EDD5-42E5-891E-4C0EF0B77891}.Release|Any CPU.ActiveCfg = Release|Any CPU
		{D6A5C767-EDD5-42E5-891E-4C0EF0B77891}.Release|Any CPU.Build.0 = Release|Any CPU
		{73C829D5-1B51-497F-9FCA-E34C64FF9A98}.Debug|Any CPU.ActiveCfg = Debug|Any CPU
		{73C829D5-1B51-497F-9FCA-E34C64FF9A98}.Debug|Any CPU.Build.0 = Debug|Any CPU
		{73C829D5-1B51-497F-9FCA-E34C64FF9A98}.Release|Any CPU.ActiveCfg = Release|Any CPU
		{73C829D5-1B51-497F-9FCA-E34C64FF9A98}.Release|Any CPU.Build.0 = Release|Any CPU
		{8624AFCF-548A-4E56-8A8B-649100255624}.Debug|Any CPU.ActiveCfg = Debug|Any CPU
		{8624AFCF-548A-4E56-8A8B-649100255624}.Debug|Any CPU.Build.0 = Debug|Any CPU
		{8624AFCF-548A-4E56-8A8B-649100255624}.Release|Any CPU.ActiveCfg = Release|Any CPU
		{8624AFCF-548A-4E56-8A8B-649100255624}.Release|Any CPU.Build.0 = Release|Any CPU
		{81DD557A-2BD0-4B9F-961D-3A33B757DCBE}.Debug|Any CPU.ActiveCfg = Debug|Any CPU
		{81DD557A-2BD0-4B9F-961D-3A33B757DCBE}.Debug|Any CPU.Build.0 = Debug|Any CPU
		{81DD557A-2BD0-4B9F-961D-3A33B757DCBE}.Release|Any CPU.ActiveCfg = Release|Any CPU
		{81DD557A-2BD0-4B9F-961D-3A33B757DCBE}.Release|Any CPU.Build.0 = Release|Any CPU
		{D944A6F5-DF28-4AD7-863B-E9438E82FF09}.Debug|Any CPU.ActiveCfg = Debug|Any CPU
		{D944A6F5-DF28-4AD7-863B-E9438E82FF09}.Debug|Any CPU.Build.0 = Debug|Any CPU
		{D944A6F5-DF28-4AD7-863B-E9438E82FF09}.Release|Any CPU.ActiveCfg = Release|Any CPU
		{D944A6F5-DF28-4AD7-863B-E9438E82FF09}.Release|Any CPU.Build.0 = Release|Any CPU
		{122668EC-241A-4D9E-B26A-37E1558F995D}.Debug|Any CPU.ActiveCfg = Debug|Any CPU
		{122668EC-241A-4D9E-B26A-37E1558F995D}.Debug|Any CPU.Build.0 = Debug|Any CPU
		{122668EC-241A-4D9E-B26A-37E1558F995D}.Release|Any CPU.ActiveCfg = Release|Any CPU
		{122668EC-241A-4D9E-B26A-37E1558F995D}.Release|Any CPU.Build.0 = Release|Any CPU
	EndGlobalSection
	GlobalSection(SolutionProperties) = preSolution
		HideSolutionNode = FALSE
	EndGlobalSection
EndGlobal
