
Microsoft Visual Studio Solution File, Format Version 12.00
# Visual Studio 14
VisualStudioVersion = 14.0.25420.1
MinimumVisualStudioVersion = 10.0.40219.1
Project("{FAE04EC0-301F-11D3-BF4B-00C04F79EFBC}") = "Problem1", "Problem1\Problem1.csproj", "{1982BFBB-F2A4-4359-AD63-F489D7543212}"
EndProject
Project("{FAE04EC0-301F-11D3-BF4B-00C04F79EFBC}") = "02. Phonebook Upgrade", "02. Phonebook Upgrade\02. Phonebook Upgrade.csproj", "{2B3B1884-A5E3-44A0-B1A6-460E5025BA62}"
EndProject
Project("{FAE04EC0-301F-11D3-BF4B-00C04F79EFBC}") = "03. A Miner Task", "03. A Miner Task\03. A Miner Task.csproj", "{D7125F79-A5EB-4E2B-959E-9BF00FB67317}"
EndProject
Project("{FAE04EC0-301F-11D3-BF4B-00C04F79EFBC}") = "04. Fix Emails", "04. Fix Emails\04. Fix Emails.csproj", "{2BFF9632-5296-4D0C-921E-B10BD4FA4C1C}"
EndProject
Project("{FAE04EC0-301F-11D3-BF4B-00C04F79EFBC}") = "05. Hands of Cards", "05. Hands of Cards\05. Hands of Cards.csproj", "{1ECF1B4C-14DD-456C-8FB9-ECA2A35F655F}"
EndProject
Project("{FAE04EC0-301F-11D3-BF4B-00C04F79EFBC}") = "06. User Logs", "06. User Logs\06. User Logs.csproj", "{02128B6F-4256-46AE-8A24-7AD9C223009F}"
EndProject
Project("{FAE04EC0-301F-11D3-BF4B-00C04F79EFBC}") = "07. Population Counter", "07. Population Counter\07. Population Counter.csproj", "{EA23A071-A87C-4D0E-A6D2-76E07BD51B3F}"
EndProject
Project("{FAE04EC0-301F-11D3-BF4B-00C04F79EFBC}") = "08. Logs Aggregator", "08. Logs Aggregator\08. Logs Aggregator.csproj", "{A88CD9C2-205E-42EA-A2F1-CE6E30C5D8D9}"
EndProject
Project("{FAE04EC0-301F-11D3-BF4B-00C04F79EFBC}") = "09. Legendary Farming", "09. Legendary Farming\09. Legendary Farming.csproj", "{56793513-43C7-4BC0-91A8-F22CE69038C2}"
EndProject
Project("{FAE04EC0-301F-11D3-BF4B-00C04F79EFBC}") = "10. Сръбско Unleashed", "10. Сръбско Unleashed\10. Сръбско Unleashed.csproj", "{1C6B362F-D34F-453C-86E4-2E9251DC3027}"
EndProject
Project("{FAE04EC0-301F-11D3-BF4B-00C04F79EFBC}") = "11. Dragon Army", "11. Dragon Army\11. Dragon Army.csproj", "{386BC9C0-4D88-4C6A-B358-9DE2A2AD1262}"
EndProject
Global
	GlobalSection(SolutionConfigurationPlatforms) = preSolution
		Debug|Any CPU = Debug|Any CPU
		Release|Any CPU = Release|Any CPU
	EndGlobalSection
	GlobalSection(ProjectConfigurationPlatforms) = postSolution
		{1982BFBB-F2A4-4359-AD63-F489D7543212}.Debug|Any CPU.ActiveCfg = Debug|Any CPU
		{1982BFBB-F2A4-4359-AD63-F489D7543212}.Debug|Any CPU.Build.0 = Debug|Any CPU
		{1982BFBB-F2A4-4359-AD63-F489D7543212}.Release|Any CPU.ActiveCfg = Release|Any CPU
		{1982BFBB-F2A4-4359-AD63-F489D7543212}.Release|Any CPU.Build.0 = Release|Any CPU
		{2B3B1884-A5E3-44A0-B1A6-460E5025BA62}.Debug|Any CPU.ActiveCfg = Debug|Any CPU
		{2B3B1884-A5E3-44A0-B1A6-460E5025BA62}.Debug|Any CPU.Build.0 = Debug|Any CPU
		{2B3B1884-A5E3-44A0-B1A6-460E5025BA62}.Release|Any CPU.ActiveCfg = Release|Any CPU
		{2B3B1884-A5E3-44A0-B1A6-460E5025BA62}.Release|Any CPU.Build.0 = Release|Any CPU
		{D7125F79-A5EB-4E2B-959E-9BF00FB67317}.Debug|Any CPU.ActiveCfg = Debug|Any CPU
		{D7125F79-A5EB-4E2B-959E-9BF00FB67317}.Debug|Any CPU.Build.0 = Debug|Any CPU
		{D7125F79-A5EB-4E2B-959E-9BF00FB67317}.Release|Any CPU.ActiveCfg = Release|Any CPU
		{D7125F79-A5EB-4E2B-959E-9BF00FB67317}.Release|Any CPU.Build.0 = Release|Any CPU
		{2BFF9632-5296-4D0C-921E-B10BD4FA4C1C}.Debug|Any CPU.ActiveCfg = Debug|Any CPU
		{2BFF9632-5296-4D0C-921E-B10BD4FA4C1C}.Debug|Any CPU.Build.0 = Debug|Any CPU
		{2BFF9632-5296-4D0C-921E-B10BD4FA4C1C}.Release|Any CPU.ActiveCfg = Release|Any CPU
		{2BFF9632-5296-4D0C-921E-B10BD4FA4C1C}.Release|Any CPU.Build.0 = Release|Any CPU
		{1ECF1B4C-14DD-456C-8FB9-ECA2A35F655F}.Debug|Any CPU.ActiveCfg = Debug|Any CPU
		{1ECF1B4C-14DD-456C-8FB9-ECA2A35F655F}.Debug|Any CPU.Build.0 = Debug|Any CPU
		{1ECF1B4C-14DD-456C-8FB9-ECA2A35F655F}.Release|Any CPU.ActiveCfg = Release|Any CPU
		{1ECF1B4C-14DD-456C-8FB9-ECA2A35F655F}.Release|Any CPU.Build.0 = Release|Any CPU
		{02128B6F-4256-46AE-8A24-7AD9C223009F}.Debug|Any CPU.ActiveCfg = Debug|Any CPU
		{02128B6F-4256-46AE-8A24-7AD9C223009F}.Debug|Any CPU.Build.0 = Debug|Any CPU
		{02128B6F-4256-46AE-8A24-7AD9C223009F}.Release|Any CPU.ActiveCfg = Release|Any CPU
		{02128B6F-4256-46AE-8A24-7AD9C223009F}.Release|Any CPU.Build.0 = Release|Any CPU
		{EA23A071-A87C-4D0E-A6D2-76E07BD51B3F}.Debug|Any CPU.ActiveCfg = Debug|Any CPU
		{EA23A071-A87C-4D0E-A6D2-76E07BD51B3F}.Debug|Any CPU.Build.0 = Debug|Any CPU
		{EA23A071-A87C-4D0E-A6D2-76E07BD51B3F}.Release|Any CPU.ActiveCfg = Release|Any CPU
		{EA23A071-A87C-4D0E-A6D2-76E07BD51B3F}.Release|Any CPU.Build.0 = Release|Any CPU
		{A88CD9C2-205E-42EA-A2F1-CE6E30C5D8D9}.Debug|Any CPU.ActiveCfg = Debug|Any CPU
		{A88CD9C2-205E-42EA-A2F1-CE6E30C5D8D9}.Debug|Any CPU.Build.0 = Debug|Any CPU
		{A88CD9C2-205E-42EA-A2F1-CE6E30C5D8D9}.Release|Any CPU.ActiveCfg = Release|Any CPU
		{A88CD9C2-205E-42EA-A2F1-CE6E30C5D8D9}.Release|Any CPU.Build.0 = Release|Any CPU
		{56793513-43C7-4BC0-91A8-F22CE69038C2}.Debug|Any CPU.ActiveCfg = Debug|Any CPU
		{56793513-43C7-4BC0-91A8-F22CE69038C2}.Debug|Any CPU.Build.0 = Debug|Any CPU
		{56793513-43C7-4BC0-91A8-F22CE69038C2}.Release|Any CPU.ActiveCfg = Release|Any CPU
		{56793513-43C7-4BC0-91A8-F22CE69038C2}.Release|Any CPU.Build.0 = Release|Any CPU
		{1C6B362F-D34F-453C-86E4-2E9251DC3027}.Debug|Any CPU.ActiveCfg = Debug|Any CPU
		{1C6B362F-D34F-453C-86E4-2E9251DC3027}.Debug|Any CPU.Build.0 = Debug|Any CPU
		{1C6B362F-D34F-453C-86E4-2E9251DC3027}.Release|Any CPU.ActiveCfg = Release|Any CPU
		{1C6B362F-D34F-453C-86E4-2E9251DC3027}.Release|Any CPU.Build.0 = Release|Any CPU
		{386BC9C0-4D88-4C6A-B358-9DE2A2AD1262}.Debug|Any CPU.ActiveCfg = Debug|Any CPU
		{386BC9C0-4D88-4C6A-B358-9DE2A2AD1262}.Debug|Any CPU.Build.0 = Debug|Any CPU
		{386BC9C0-4D88-4C6A-B358-9DE2A2AD1262}.Release|Any CPU.ActiveCfg = Release|Any CPU
		{386BC9C0-4D88-4C6A-B358-9DE2A2AD1262}.Release|Any CPU.Build.0 = Release|Any CPU
	EndGlobalSection
	GlobalSection(SolutionProperties) = preSolution
		HideSolutionNode = FALSE
	EndGlobalSection
EndGlobal
