
Microsoft Visual Studio Solution File, Format Version 12.00
# Visual Studio 14
VisualStudioVersion = 14.0.25420.1
MinimumVisualStudioVersion = 10.0.40219.1
Project("{FAE04EC0-301F-11D3-BF4B-00C04F79EFBC}") = "01. Convert from base-10 to base-N", "ConsoleApplication1\01. Convert from base-10 to base-N.csproj", "{4D9EFCAB-DE8D-40CA-843A-C8D0D2974ADC}"
EndProject
Project("{FAE04EC0-301F-11D3-BF4B-00C04F79EFBC}") = "02. Convert from base-N to base-10", "02. Convert from base-N to base-10\02. Convert from base-N to base-10.csproj", "{2A9D0E11-BEC3-4FFE-B87A-9B132CD3142D}"
EndProject
Project("{FAE04EC0-301F-11D3-BF4B-00C04F79EFBC}") = "03. Unicode Characters", "03. Unicode Characters\03. Unicode Characters.csproj", "{6DC6EC81-C589-4536-9DA6-4AA4705F1273}"
EndProject
Project("{FAE04EC0-301F-11D3-BF4B-00C04F79EFBC}") = "04. Character Multiplier", "04. Character Multiplier\04. Character Multiplier.csproj", "{D48DD399-9153-42C5-9604-7C46CF2F5FB0}"
EndProject
Project("{FAE04EC0-301F-11D3-BF4B-00C04F79EFBC}") = "06. Sum big numbers", "06. Sum big numbers\06. Sum big numbers.csproj", "{E0893123-2135-47E3-AC08-AC05EC8CCB83}"
EndProject
Project("{FAE04EC0-301F-11D3-BF4B-00C04F79EFBC}") = "07. Multiply big number", "07. Multiply big number\07. Multiply big number.csproj", "{72A06B84-E416-414C-B03D-AFE5EAFE1406}"
EndProject
Project("{FAE04EC0-301F-11D3-BF4B-00C04F79EFBC}") = "08. Letters Change Numbers", "08. Letters Change Numbers\08. Letters Change Numbers.csproj", "{7AFF2E13-BD43-42C6-97A0-DC18CFB7DBCF}"
EndProject
Project("{FAE04EC0-301F-11D3-BF4B-00C04F79EFBC}") = "05. Magic exchangeable words", "05. Magic exchangeable words\05. Magic exchangeable words.csproj", "{234B0910-C81D-4211-9CF5-FC2CA74A6516}"
EndProject
Project("{FAE04EC0-301F-11D3-BF4B-00C04F79EFBC}") = "09. Melrah Shake", "09. Melrah Shake\09. Melrah Shake.csproj", "{B1EA0566-600D-45D3-8E8E-0333AD8801EF}"
EndProject
Global
	GlobalSection(SolutionConfigurationPlatforms) = preSolution
		Debug|Any CPU = Debug|Any CPU
		Release|Any CPU = Release|Any CPU
	EndGlobalSection
	GlobalSection(ProjectConfigurationPlatforms) = postSolution
		{4D9EFCAB-DE8D-40CA-843A-C8D0D2974ADC}.Debug|Any CPU.ActiveCfg = Debug|Any CPU
		{4D9EFCAB-DE8D-40CA-843A-C8D0D2974ADC}.Debug|Any CPU.Build.0 = Debug|Any CPU
		{4D9EFCAB-DE8D-40CA-843A-C8D0D2974ADC}.Release|Any CPU.ActiveCfg = Release|Any CPU
		{4D9EFCAB-DE8D-40CA-843A-C8D0D2974ADC}.Release|Any CPU.Build.0 = Release|Any CPU
		{2A9D0E11-BEC3-4FFE-B87A-9B132CD3142D}.Debug|Any CPU.ActiveCfg = Debug|Any CPU
		{2A9D0E11-BEC3-4FFE-B87A-9B132CD3142D}.Debug|Any CPU.Build.0 = Debug|Any CPU
		{2A9D0E11-BEC3-4FFE-B87A-9B132CD3142D}.Release|Any CPU.ActiveCfg = Release|Any CPU
		{2A9D0E11-BEC3-4FFE-B87A-9B132CD3142D}.Release|Any CPU.Build.0 = Release|Any CPU
		{6DC6EC81-C589-4536-9DA6-4AA4705F1273}.Debug|Any CPU.ActiveCfg = Debug|Any CPU
		{6DC6EC81-C589-4536-9DA6-4AA4705F1273}.Debug|Any CPU.Build.0 = Debug|Any CPU
		{6DC6EC81-C589-4536-9DA6-4AA4705F1273}.Release|Any CPU.ActiveCfg = Release|Any CPU
		{6DC6EC81-C589-4536-9DA6-4AA4705F1273}.Release|Any CPU.Build.0 = Release|Any CPU
		{D48DD399-9153-42C5-9604-7C46CF2F5FB0}.Debug|Any CPU.ActiveCfg = Debug|Any CPU
		{D48DD399-9153-42C5-9604-7C46CF2F5FB0}.Debug|Any CPU.Build.0 = Debug|Any CPU
		{D48DD399-9153-42C5-9604-7C46CF2F5FB0}.Release|Any CPU.ActiveCfg = Release|Any CPU
		{D48DD399-9153-42C5-9604-7C46CF2F5FB0}.Release|Any CPU.Build.0 = Release|Any CPU
		{E0893123-2135-47E3-AC08-AC05EC8CCB83}.Debug|Any CPU.ActiveCfg = Debug|Any CPU
		{E0893123-2135-47E3-AC08-AC05EC8CCB83}.Debug|Any CPU.Build.0 = Debug|Any CPU
		{E0893123-2135-47E3-AC08-AC05EC8CCB83}.Release|Any CPU.ActiveCfg = Release|Any CPU
		{E0893123-2135-47E3-AC08-AC05EC8CCB83}.Release|Any CPU.Build.0 = Release|Any CPU
		{72A06B84-E416-414C-B03D-AFE5EAFE1406}.Debug|Any CPU.ActiveCfg = Debug|Any CPU
		{72A06B84-E416-414C-B03D-AFE5EAFE1406}.Debug|Any CPU.Build.0 = Debug|Any CPU
		{72A06B84-E416-414C-B03D-AFE5EAFE1406}.Release|Any CPU.ActiveCfg = Release|Any CPU
		{72A06B84-E416-414C-B03D-AFE5EAFE1406}.Release|Any CPU.Build.0 = Release|Any CPU
		{7AFF2E13-BD43-42C6-97A0-DC18CFB7DBCF}.Debug|Any CPU.ActiveCfg = Debug|Any CPU
		{7AFF2E13-BD43-42C6-97A0-DC18CFB7DBCF}.Debug|Any CPU.Build.0 = Debug|Any CPU
		{7AFF2E13-BD43-42C6-97A0-DC18CFB7DBCF}.Release|Any CPU.ActiveCfg = Release|Any CPU
		{7AFF2E13-BD43-42C6-97A0-DC18CFB7DBCF}.Release|Any CPU.Build.0 = Release|Any CPU
		{234B0910-C81D-4211-9CF5-FC2CA74A6516}.Debug|Any CPU.ActiveCfg = Debug|Any CPU
		{234B0910-C81D-4211-9CF5-FC2CA74A6516}.Debug|Any CPU.Build.0 = Debug|Any CPU
		{234B0910-C81D-4211-9CF5-FC2CA74A6516}.Release|Any CPU.ActiveCfg = Release|Any CPU
		{234B0910-C81D-4211-9CF5-FC2CA74A6516}.Release|Any CPU.Build.0 = Release|Any CPU
		{B1EA0566-600D-45D3-8E8E-0333AD8801EF}.Debug|Any CPU.ActiveCfg = Debug|Any CPU
		{B1EA0566-600D-45D3-8E8E-0333AD8801EF}.Debug|Any CPU.Build.0 = Debug|Any CPU
		{B1EA0566-600D-45D3-8E8E-0333AD8801EF}.Release|Any CPU.ActiveCfg = Release|Any CPU
		{B1EA0566-600D-45D3-8E8E-0333AD8801EF}.Release|Any CPU.Build.0 = Release|Any CPU
	EndGlobalSection
	GlobalSection(SolutionProperties) = preSolution
		HideSolutionNode = FALSE
	EndGlobalSection
EndGlobal
