
Microsoft Visual Studio Solution File, Format Version 12.00
# Visual Studio 14
VisualStudioVersion = 14.0.25420.1
MinimumVisualStudioVersion = 10.0.40219.1
Project("{FAE04EC0-301F-11D3-BF4B-00C04F79EFBC}") = "01. Day of Week", "01\01. Day of Week.csproj", "{5EFCE15F-1E3C-46E4-95CC-CF12A48A7558}"
EndProject
Project("{FAE04EC0-301F-11D3-BF4B-00C04F79EFBC}") = "02. Reverse Array of Integers", "02. Reverse Array of Integers\02. Reverse Array of Integers.csproj", "{7642B05D-8347-4765-A227-89C9E5E1DCDC}"
EndProject
Project("{FAE04EC0-301F-11D3-BF4B-00C04F79EFBC}") = "03. Last K Numbers Sums Sequence", "3. Last K Numbers Sums Sequence\03. Last K Numbers Sums Sequence.csproj", "{F17C7894-519A-487B-B9B6-55C2A4C96B68}"
EndProject
Project("{FAE04EC0-301F-11D3-BF4B-00C04F79EFBC}") = "4. Triple Sum", "4. Triple Sum\4. Triple Sum.csproj", "{826D8614-FA46-42F8-BF22-9A70CE0F0A65}"
EndProject
Project("{FAE04EC0-301F-11D3-BF4B-00C04F79EFBC}") = "5. Rounding Numbers Away from Zero", "5. Rounding Numbers Away from Zero\5. Rounding Numbers Away from Zero.csproj", "{E5AFE222-C4F8-4FCE-BEFF-9C271665BB0E}"
EndProject
Project("{FAE04EC0-301F-11D3-BF4B-00C04F79EFBC}") = "6. Reverse an Array of Strings", "6. Reverse an Array of Strings\6. Reverse an Array of Strings.csproj", "{A98C2BFC-1690-40A5-926C-67458CD65BA1}"
EndProject
Project("{FAE04EC0-301F-11D3-BF4B-00C04F79EFBC}") = "7. Sum Arrays", "7. Sum Arrays\7. Sum Arrays.csproj", "{6B5BEEBF-E501-405D-BCCF-B37064C34139}"
EndProject
Project("{FAE04EC0-301F-11D3-BF4B-00C04F79EFBC}") = "8. Condense Array to Number", "8. Condense Array to Number\8. Condense Array to Number.csproj", "{2AC6A3E1-2EBD-4517-8030-1D6C73954EFE}"
EndProject
Project("{FAE04EC0-301F-11D3-BF4B-00C04F79EFBC}") = "9. Extract Middle 1, 2 or 3 Elements", "9. Extract Middle 1, 2 or 3 Elements\9. Extract Middle 1, 2 or 3 Elements.csproj", "{774F86E8-D18B-480D-8C6B-E5528946F47F}"
EndProject
Global
	GlobalSection(SolutionConfigurationPlatforms) = preSolution
		Debug|Any CPU = Debug|Any CPU
		Release|Any CPU = Release|Any CPU
	EndGlobalSection
	GlobalSection(ProjectConfigurationPlatforms) = postSolution
		{5EFCE15F-1E3C-46E4-95CC-CF12A48A7558}.Debug|Any CPU.ActiveCfg = Debug|Any CPU
		{5EFCE15F-1E3C-46E4-95CC-CF12A48A7558}.Debug|Any CPU.Build.0 = Debug|Any CPU
		{5EFCE15F-1E3C-46E4-95CC-CF12A48A7558}.Release|Any CPU.ActiveCfg = Release|Any CPU
		{5EFCE15F-1E3C-46E4-95CC-CF12A48A7558}.Release|Any CPU.Build.0 = Release|Any CPU
		{7642B05D-8347-4765-A227-89C9E5E1DCDC}.Debug|Any CPU.ActiveCfg = Debug|Any CPU
		{7642B05D-8347-4765-A227-89C9E5E1DCDC}.Debug|Any CPU.Build.0 = Debug|Any CPU
		{7642B05D-8347-4765-A227-89C9E5E1DCDC}.Release|Any CPU.ActiveCfg = Release|Any CPU
		{7642B05D-8347-4765-A227-89C9E5E1DCDC}.Release|Any CPU.Build.0 = Release|Any CPU
		{F17C7894-519A-487B-B9B6-55C2A4C96B68}.Debug|Any CPU.ActiveCfg = Debug|Any CPU
		{F17C7894-519A-487B-B9B6-55C2A4C96B68}.Debug|Any CPU.Build.0 = Debug|Any CPU
		{F17C7894-519A-487B-B9B6-55C2A4C96B68}.Release|Any CPU.ActiveCfg = Release|Any CPU
		{F17C7894-519A-487B-B9B6-55C2A4C96B68}.Release|Any CPU.Build.0 = Release|Any CPU
		{826D8614-FA46-42F8-BF22-9A70CE0F0A65}.Debug|Any CPU.ActiveCfg = Debug|Any CPU
		{826D8614-FA46-42F8-BF22-9A70CE0F0A65}.Debug|Any CPU.Build.0 = Debug|Any CPU
		{826D8614-FA46-42F8-BF22-9A70CE0F0A65}.Release|Any CPU.ActiveCfg = Release|Any CPU
		{826D8614-FA46-42F8-BF22-9A70CE0F0A65}.Release|Any CPU.Build.0 = Release|Any CPU
		{E5AFE222-C4F8-4FCE-BEFF-9C271665BB0E}.Debug|Any CPU.ActiveCfg = Debug|Any CPU
		{E5AFE222-C4F8-4FCE-BEFF-9C271665BB0E}.Debug|Any CPU.Build.0 = Debug|Any CPU
		{E5AFE222-C4F8-4FCE-BEFF-9C271665BB0E}.Release|Any CPU.ActiveCfg = Release|Any CPU
		{E5AFE222-C4F8-4FCE-BEFF-9C271665BB0E}.Release|Any CPU.Build.0 = Release|Any CPU
		{A98C2BFC-1690-40A5-926C-67458CD65BA1}.Debug|Any CPU.ActiveCfg = Debug|Any CPU
		{A98C2BFC-1690-40A5-926C-67458CD65BA1}.Debug|Any CPU.Build.0 = Debug|Any CPU
		{A98C2BFC-1690-40A5-926C-67458CD65BA1}.Release|Any CPU.ActiveCfg = Release|Any CPU
		{A98C2BFC-1690-40A5-926C-67458CD65BA1}.Release|Any CPU.Build.0 = Release|Any CPU
		{6B5BEEBF-E501-405D-BCCF-B37064C34139}.Debug|Any CPU.ActiveCfg = Debug|Any CPU
		{6B5BEEBF-E501-405D-BCCF-B37064C34139}.Debug|Any CPU.Build.0 = Debug|Any CPU
		{6B5BEEBF-E501-405D-BCCF-B37064C34139}.Release|Any CPU.ActiveCfg = Release|Any CPU
		{6B5BEEBF-E501-405D-BCCF-B37064C34139}.Release|Any CPU.Build.0 = Release|Any CPU
		{2AC6A3E1-2EBD-4517-8030-1D6C73954EFE}.Debug|Any CPU.ActiveCfg = Debug|Any CPU
		{2AC6A3E1-2EBD-4517-8030-1D6C73954EFE}.Debug|Any CPU.Build.0 = Debug|Any CPU
		{2AC6A3E1-2EBD-4517-8030-1D6C73954EFE}.Release|Any CPU.ActiveCfg = Release|Any CPU
		{2AC6A3E1-2EBD-4517-8030-1D6C73954EFE}.Release|Any CPU.Build.0 = Release|Any CPU
		{774F86E8-D18B-480D-8C6B-E5528946F47F}.Debug|Any CPU.ActiveCfg = Debug|Any CPU
		{774F86E8-D18B-480D-8C6B-E5528946F47F}.Debug|Any CPU.Build.0 = Debug|Any CPU
		{774F86E8-D18B-480D-8C6B-E5528946F47F}.Release|Any CPU.ActiveCfg = Release|Any CPU
		{774F86E8-D18B-480D-8C6B-E5528946F47F}.Release|Any CPU.Build.0 = Release|Any CPU
	EndGlobalSection
	GlobalSection(SolutionProperties) = preSolution
		HideSolutionNode = FALSE
	EndGlobalSection
EndGlobal
