
Microsoft Visual Studio Solution File, Format Version 12.00
# Visual Studio 14
VisualStudioVersion = 14.0.25420.1
MinimumVisualStudioVersion = 10.0.40219.1
Project("{FAE04EC0-301F-11D3-BF4B-00C04F79EFBC}") = "10. Extract emails", "10. Extract emails\10. Extract emails.csproj", "{7010A6D5-7060-4742-855E-ED654AA494E0}"
EndProject
Project("{FAE04EC0-301F-11D3-BF4B-00C04F79EFBC}") = "11. Extract sentences by keyword", "11. Extract sentences by keyword\11. Extract sentences by keyword.csproj", "{7FE45D01-A1AF-4D85-9E9B-5D98627D5EE2}"
EndProject
Project("{FAE04EC0-301F-11D3-BF4B-00C04F79EFBC}") = "12. Valid Usernames", "12. Valid Usernames\12. Valid Usernames.csproj", "{8074619B-36E9-451A-9E42-0AF12A9183B1}"
EndProject
Project("{FAE04EC0-301F-11D3-BF4B-00C04F79EFBC}") = "13. Query Mess", "13. Query Mess\13. Query Mess.csproj", "{B6FFE387-B948-471B-A457-421D07B0AC07}"
EndProject
Project("{FAE04EC0-301F-11D3-BF4B-00C04F79EFBC}") = "14. Use Your Chains, Buddy", "14. Use Your Chains, Buddy\14. Use Your Chains, Buddy.csproj", "{30020BA1-2B77-43CC-B79C-0599006E2CAB}"
EndProject
Global
	GlobalSection(SolutionConfigurationPlatforms) = preSolution
		Debug|Any CPU = Debug|Any CPU
		Release|Any CPU = Release|Any CPU
	EndGlobalSection
	GlobalSection(ProjectConfigurationPlatforms) = postSolution
		{7010A6D5-7060-4742-855E-ED654AA494E0}.Debug|Any CPU.ActiveCfg = Debug|Any CPU
		{7010A6D5-7060-4742-855E-ED654AA494E0}.Debug|Any CPU.Build.0 = Debug|Any CPU
		{7010A6D5-7060-4742-855E-ED654AA494E0}.Release|Any CPU.ActiveCfg = Release|Any CPU
		{7010A6D5-7060-4742-855E-ED654AA494E0}.Release|Any CPU.Build.0 = Release|Any CPU
		{7FE45D01-A1AF-4D85-9E9B-5D98627D5EE2}.Debug|Any CPU.ActiveCfg = Debug|Any CPU
		{7FE45D01-A1AF-4D85-9E9B-5D98627D5EE2}.Debug|Any CPU.Build.0 = Debug|Any CPU
		{7FE45D01-A1AF-4D85-9E9B-5D98627D5EE2}.Release|Any CPU.ActiveCfg = Release|Any CPU
		{7FE45D01-A1AF-4D85-9E9B-5D98627D5EE2}.Release|Any CPU.Build.0 = Release|Any CPU
		{8074619B-36E9-451A-9E42-0AF12A9183B1}.Debug|Any CPU.ActiveCfg = Debug|Any CPU
		{8074619B-36E9-451A-9E42-0AF12A9183B1}.Debug|Any CPU.Build.0 = Debug|Any CPU
		{8074619B-36E9-451A-9E42-0AF12A9183B1}.Release|Any CPU.ActiveCfg = Release|Any CPU
		{8074619B-36E9-451A-9E42-0AF12A9183B1}.Release|Any CPU.Build.0 = Release|Any CPU
		{B6FFE387-B948-471B-A457-421D07B0AC07}.Debug|Any CPU.ActiveCfg = Debug|Any CPU
		{B6FFE387-B948-471B-A457-421D07B0AC07}.Debug|Any CPU.Build.0 = Debug|Any CPU
		{B6FFE387-B948-471B-A457-421D07B0AC07}.Release|Any CPU.ActiveCfg = Release|Any CPU
		{B6FFE387-B948-471B-A457-421D07B0AC07}.Release|Any CPU.Build.0 = Release|Any CPU
		{30020BA1-2B77-43CC-B79C-0599006E2CAB}.Debug|Any CPU.ActiveCfg = Debug|Any CPU
		{30020BA1-2B77-43CC-B79C-0599006E2CAB}.Debug|Any CPU.Build.0 = Debug|Any CPU
		{30020BA1-2B77-43CC-B79C-0599006E2CAB}.Release|Any CPU.ActiveCfg = Release|Any CPU
		{30020BA1-2B77-43CC-B79C-0599006E2CAB}.Release|Any CPU.Build.0 = Release|Any CPU
	EndGlobalSection
	GlobalSection(SolutionProperties) = preSolution
		HideSolutionNode = FALSE
	EndGlobalSection
EndGlobal
